<?xml version="1.0" encoding="utf-8"?>
<Project ToolsVersion="4.0" xmlns="http://schemas.microsoft.com/developer/msbuild/2003">
  <ItemGroup>
    <Filter Include="Source Files">
      <UniqueIdentifier>{4FC737F1-C7A5-4376-A066-2A32D752A2FF}</UniqueIdentifier>
      <Extensions>cpp;c;cc;cxx;c++;cppm;ixx;def;odl;idl;hpj;bat;asm;asmx</Extensions>
    </Filter>
    <Filter Include="Header Files">
      <UniqueIdentifier>{93995380-89BD-4b04-88EB-625FBE52EBFB}</UniqueIdentifier>
      <Extensions>h;hh;hpp;hxx;h++;hm;inl;inc;ipp;xsd</Extensions>
    </Filter>
    <Filter Include="Resource Files">
      <UniqueIdentifier>{67DA6AB6-F800-4c08-8B7A-83BB121AAD01}</UniqueIdentifier>
      <Extensions>rc;ico;cur;bmp;dlg;rc2;rct;bin;rgs;gif;jpg;jpeg;jpe;resx;tiff;tif;png;wav;mfcribbon-ms</Extensions>
    </Filter>
    <Filter Include="Resource Files\Graphical">
      <UniqueIdentifier>{95c4884f-73e6-47d2-9528-3e33e2adc19c}</UniqueIdentifier>
    </Filter>
    <Filter Include="Resource Files\Models">
      <UniqueIdentifier>{61a04584-475c-4c0f-b736-a4e66e2d4977}</UniqueIdentifier>
    </Filter>
  </ItemGroup>
  <ItemGroup>
    <ClCompile Include="Main.cpp">
      <Filter>Source Files</Filter>
    </ClCompile>
    <ClCompile Include="include\GL\gl3w.c">
      <Filter>Resource Files</Filter>
    </ClCompile>
    <ClCompile Include="Assets\CubemapTexture.cpp">
      <Filter>Source Files</Filter>
    </ClCompile>
    <ClCompile Include="Assets\Texture.cpp">
      <Filter>Source Files</Filter>
    </ClCompile>
    <ClCompile Include="Assets\LightObj.h">
      <Filter>Source Files</Filter>
    </ClCompile>
    <ClCompile Include="Assets\Camera.cpp">
      <Filter>Source Files</Filter>
    </ClCompile>
  </ItemGroup>
  <ItemGroup>
    <ClInclude Include="include\GL\gl3w.h">
      <Filter>Resource Files</Filter>
    </ClInclude>
    <ClInclude Include="include\GL\glcorearb.h">
      <Filter>Resource Files</Filter>
    </ClInclude>
    <ClInclude Include="Assets\common.h">
      <Filter>Header Files</Filter>
    </ClInclude>
    <ClInclude Include="Main.h">
      <Filter>Header Files</Filter>
    </ClInclude>
    <ClInclude Include="Assets\Shader.h">
      <Filter>Header Files</Filter>
    </ClInclude>
    <ClInclude Include="Assets\Textures\Texture.h">
      <Filter>Header Files</Filter>
    </ClInclude>
    <ClInclude Include="Assets\ObjShape.h">
      <Filter>Header Files</Filter>
    </ClInclude>
    <ClInclude Include="Assets\Textures\CubemapTexture.h">
      <Filter>Header Files</Filter>
    </ClInclude>
    <ClInclude Include="Assets\Camera.h">
      <Filter>Header Files</Filter>
    </ClInclude>
  </ItemGroup>
  <ItemGroup>
    <None Include="Assets\Shaders\VertexShader.glsl">
      <Filter>Resource Files\Graphical</Filter>
    </None>
    <None Include="Assets\Shaders\FragShader.glsl">
      <Filter>Resource Files\Graphical</Filter>
    </None>
    <None Include="Assets\Shaders\MultiLightFrag.glsl" />
    <None Include="Assets\Shaders\CubeMapVShader.glsl" />
    <None Include="Assets\Shaders\CubeMapFShader.glsl" />
    <None Include="Assets\Shaders\Skybox\VertexShader.glsl" />
    <None Include="Assets\Shaders\Skybox\FragShader.glsl" />
    <None Include="Assets\Shaders\Skybox\MultiLightFrag.glsl" />
  </ItemGroup>
  <ItemGroup>
    <Text Include="References\Sources.txt" />
  </ItemGroup>
</Project>